
Microsoft Visual Studio Solution File, Format Version 12.00
# Visual Studio Version 16
VisualStudioVersion = 16.0.29215.179
MinimumVisualStudioVersion = 10.0.40219.1
Project("{FAE04EC0-301F-11D3-BF4B-00C04F79EFBC}") = "ExamenPrimerParcial", "ExamenPrimerParcial\ExamenPrimerParcial.csproj", "{060A7A25-760E-4969-B959-583FEF67570D}"
EndProject
Global
	GlobalSection(SolutionConfigurationPlatforms) = preSolution
		Debug|Any CPU = Debug|Any CPU
		Release|Any CPU = Release|Any CPU
	EndGlobalSection
	GlobalSection(ProjectConfigurationPlatforms) = postSolution
		{060A7A25-760E-4969-B959-583FEF67570D}.Debug|Any CPU.ActiveCfg = Debug|Any CPU
		{060A7A25-760E-4969-B959-583FEF67570D}.Debug|Any CPU.Build.0 = Debug|Any CPU
		{060A7A25-760E-4969-B959-583FEF67570D}.Release|Any CPU.ActiveCfg = Release|Any CPU
		{060A7A25-760E-4969-B959-583FEF67570D}.Release|Any CPU.Build.0 = Release|Any CPU
	EndGlobalSection
	GlobalSection(SolutionProperties) = preSolution
		HideSolutionNode = FALSE
	EndGlobalSection
	GlobalSection(ExtensibilityGlobals) = postSolution
		SolutionGuid = {90E5D0F1-B01E-44DB-99F7-52B0AC5661CB}
	EndGlobalSection
EndGlobal
